
Microsoft Visual Studio Solution File, Format Version 10.00
# Visual Studio 2008
Project("{FAE04EC0-301F-11D3-BF4B-00C04F79EFBC}") = "Image-Tagger-WinForms", "Image-Tagger-WinForms\Image-Tagger-WinForms.csproj", "{94EC285A-8F7E-4699-8630-2FE9467778D7}"
EndProject
Project("{9344bdbb-3e7f-41fc-a0dd-8665d75ee146}") = "Packages", "Packages.mdproj", "{89DC964E-EF8C-42AF-A390-7A36A63FCA0B}"
EndProject
Global
	GlobalSection(SolutionConfigurationPlatforms) = preSolution
		Debug|x86 = Debug|x86
		Release|x86 = Release|x86
	EndGlobalSection
	GlobalSection(ProjectConfigurationPlatforms) = postSolution
		{89DC964E-EF8C-42AF-A390-7A36A63FCA0B}.Debug|x86.ActiveCfg = Debug|Any CPU
		{89DC964E-EF8C-42AF-A390-7A36A63FCA0B}.Release|x86.ActiveCfg = Release|Any CPU
		{94EC285A-8F7E-4699-8630-2FE9467778D7}.Debug|x86.ActiveCfg = Debug|x86
		{94EC285A-8F7E-4699-8630-2FE9467778D7}.Debug|x86.Build.0 = Debug|x86
		{94EC285A-8F7E-4699-8630-2FE9467778D7}.Release|x86.ActiveCfg = Release|x86
		{94EC285A-8F7E-4699-8630-2FE9467778D7}.Release|x86.Build.0 = Release|x86
	EndGlobalSection
	GlobalSection(MonoDevelopProperties) = preSolution
		StartupItem = Image-Tagger-WinForms\Image-Tagger-WinForms.csproj
	EndGlobalSection
EndGlobal
